
Microsoft Visual Studio Solution File, Format Version 12.00
# Visual Studio 15
VisualStudioVersion = 15.0.28010.2048
MinimumVisualStudioVersion = 10.0.40219.1
Project("{9A19103F-16F7-4668-BE54-9A1E7A4F7556}") = "MukSoft.API", "MukSoft.API\MukSoft.API.csproj", "{3FB2DE37-E2B1-4A2B-9DFB-7399053C3874}"
EndProject
Project("{9A19103F-16F7-4668-BE54-9A1E7A4F7556}") = "MukSoft.Core", "MukSoft.Core\MukSoft.Core.csproj", "{EC1323E3-7A5A-435D-9A6B-B9B89DAEB36C}"
EndProject
Project("{9A19103F-16F7-4668-BE54-9A1E7A4F7556}") = "MukSoft.Data", "MukSoft.Data\MukSoft.Data.csproj", "{A6C4253D-1041-4599-9D6D-68368CF29448}"
EndProject
Project("{9A19103F-16F7-4668-BE54-9A1E7A4F7556}") = "MukSoft.Services", "MukSoft.Services\MukSoft.Services.csproj", "{9ED44015-F3F9-4EA3-96E5-45399DB7FC8D}"
EndProject
Project("{9A19103F-16F7-4668-BE54-9A1E7A4F7556}") = "MukSoft.UnitTest", "MukSoft.UnitTest\MukSoft.UnitTest.csproj", "{B5903139-7F0B-489D-9726-73BF19586E4C}"
EndProject
Global
	GlobalSection(SolutionConfigurationPlatforms) = preSolution
		Debug|Any CPU = Debug|Any CPU
		Release|Any CPU = Release|Any CPU
	EndGlobalSection
	GlobalSection(ProjectConfigurationPlatforms) = postSolution
		{3FB2DE37-E2B1-4A2B-9DFB-7399053C3874}.Debug|Any CPU.ActiveCfg = Debug|Any CPU
		{3FB2DE37-E2B1-4A2B-9DFB-7399053C3874}.Debug|Any CPU.Build.0 = Debug|Any CPU
		{3FB2DE37-E2B1-4A2B-9DFB-7399053C3874}.Release|Any CPU.ActiveCfg = Release|Any CPU
		{3FB2DE37-E2B1-4A2B-9DFB-7399053C3874}.Release|Any CPU.Build.0 = Release|Any CPU
		{EC1323E3-7A5A-435D-9A6B-B9B89DAEB36C}.Debug|Any CPU.ActiveCfg = Debug|Any CPU
		{EC1323E3-7A5A-435D-9A6B-B9B89DAEB36C}.Debug|Any CPU.Build.0 = Debug|Any CPU
		{EC1323E3-7A5A-435D-9A6B-B9B89DAEB36C}.Release|Any CPU.ActiveCfg = Release|Any CPU
		{EC1323E3-7A5A-435D-9A6B-B9B89DAEB36C}.Release|Any CPU.Build.0 = Release|Any CPU
		{A6C4253D-1041-4599-9D6D-68368CF29448}.Debug|Any CPU.ActiveCfg = Debug|Any CPU
		{A6C4253D-1041-4599-9D6D-68368CF29448}.Debug|Any CPU.Build.0 = Debug|Any CPU
		{A6C4253D-1041-4599-9D6D-68368CF29448}.Release|Any CPU.ActiveCfg = Release|Any CPU
		{A6C4253D-1041-4599-9D6D-68368CF29448}.Release|Any CPU.Build.0 = Release|Any CPU
		{9ED44015-F3F9-4EA3-96E5-45399DB7FC8D}.Debug|Any CPU.ActiveCfg = Debug|Any CPU
		{9ED44015-F3F9-4EA3-96E5-45399DB7FC8D}.Debug|Any CPU.Build.0 = Debug|Any CPU
		{9ED44015-F3F9-4EA3-96E5-45399DB7FC8D}.Release|Any CPU.ActiveCfg = Release|Any CPU
		{9ED44015-F3F9-4EA3-96E5-45399DB7FC8D}.Release|Any CPU.Build.0 = Release|Any CPU
		{B5903139-7F0B-489D-9726-73BF19586E4C}.Debug|Any CPU.ActiveCfg = Debug|Any CPU
		{B5903139-7F0B-489D-9726-73BF19586E4C}.Debug|Any CPU.Build.0 = Debug|Any CPU
		{B5903139-7F0B-489D-9726-73BF19586E4C}.Release|Any CPU.ActiveCfg = Release|Any CPU
		{B5903139-7F0B-489D-9726-73BF19586E4C}.Release|Any CPU.Build.0 = Release|Any CPU
	EndGlobalSection
	GlobalSection(SolutionProperties) = preSolution
		HideSolutionNode = FALSE
	EndGlobalSection
	GlobalSection(ExtensibilityGlobals) = postSolution
		SolutionGuid = {C979F71B-7AC9-4C29-9213-FF9F6372F22B}
	EndGlobalSection
EndGlobal
